<?xml version="1.0" encoding="utf-8"?>
<Project ToolsVersion="4.0" xmlns="http://schemas.microsoft.com/developer/msbuild/2003">
  <ItemGroup>
    <Filter Include="layout">
      <UniqueIdentifier>{23B3EB0A-0F55-16E1-F80F-2A35E4509D31}</UniqueIdentifier>
    </Filter>
  </ItemGroup>
  <ItemGroup>
    <ClInclude Include="src\layout\ControlCenterer.h">
      <Filter>layout</Filter>
    </ClInclude>
  </ItemGroup>
  <ItemGroup>
    <ClCompile Include="src\TradeMaster.cpp" />
  </ItemGroup>
</Project>