
Microsoft Visual Studio Solution File, Format Version 12.00
# Visual Studio Version 17
Project("{2150E333-8FDC-42A3-9474-1A3956D46DE8}") = "App", "App", "{4D61F67E-B9CB-AAF5-020A-5C9B6EB3884A}"
EndProject
Project("{8BC9CEB8-8B4A-11D0-8D11-00A0C91BC942}") = "TradeMaster-Client", "client\TradeMaster-Client.vcxproj", "{8DE61A2B-79CA-DB80-E22A-D6D3CE2DC602}"
EndProject
Global
	GlobalSection(SolutionConfigurationPlatforms) = preSolution
		Debug|x64 = Debug|x64
		Dist|x64 = Dist|x64
		Release|x64 = Release|x64
	EndGlobalSection
	GlobalSection(ProjectConfigurationPlatforms) = postSolution
		{8DE61A2B-79CA-DB80-E22A-D6D3CE2DC602}.Debug|x64.ActiveCfg = Debug|x64
		{8DE61A2B-79CA-DB80-E22A-D6D3CE2DC602}.Debug|x64.Build.0 = Debug|x64
		{8DE61A2B-79CA-DB80-E22A-D6D3CE2DC602}.Dist|x64.ActiveCfg = Dist|x64
		{8DE61A2B-79CA-DB80-E22A-D6D3CE2DC602}.Dist|x64.Build.0 = Dist|x64
		{8DE61A2B-79CA-DB80-E22A-D6D3CE2DC602}.Release|x64.ActiveCfg = Release|x64
		{8DE61A2B-79CA-DB80-E22A-D6D3CE2DC602}.Release|x64.Build.0 = Release|x64
	EndGlobalSection
	GlobalSection(SolutionProperties) = preSolution
		HideSolutionNode = FALSE
	EndGlobalSection
	GlobalSection(NestedProjects) = preSolution
		{8DE61A2B-79CA-DB80-E22A-D6D3CE2DC602} = {4D61F67E-B9CB-AAF5-020A-5C9B6EB3884A}
	EndGlobalSection
EndGlobal
